// !$*UTF8*$!
{
	archiveVersion = 1;
	classes = {
	};
	objectVersion = 50;
	objects = {

/* Begin PBXBuildFile section */
		9C8BCC1E34980A3DB72C1CD9 /* Pods_WZAnimatingMedia.framework in Frameworks */ = {isa = PBXBuildFile; fileRef = F2690E323D074AE5C90FEA29 /* Pods_WZAnimatingMedia.framework */; };
		CFA303E12089CCD700BBAA29 /* t3.json in Resources */ = {isa = PBXBuildFile; fileRef = CFA303E02089CCD700BBAA29 /* t3.json */; };
		CFA303E32089D1A800BBAA29 /* WZLayerGroupData.swift in Sources */ = {isa = PBXBuildFile; fileRef = CFA303E22089D1A800BBAA29 /* WZLayerGroupData.swift */; };
		CFA303E92089DC5B00BBAA29 /* WZMathTool.swift in Sources */ = {isa = PBXBuildFile; fileRef = CFA303E82089DC5B00BBAA29 /* WZMathTool.swift */; };
		CFDB574A20875100001F1715 /* AppDelegate.swift in Sources */ = {isa = PBXBuildFile; fileRef = CFDB574920875100001F1715 /* AppDelegate.swift */; };
		CFDB574C20875100001F1715 /* ViewController.swift in Sources */ = {isa = PBXBuildFile; fileRef = CFDB574B20875100001F1715 /* ViewController.swift */; };
		CFDB574F20875100001F1715 /* Main.storyboard in Resources */ = {isa = PBXBuildFile; fileRef = CFDB574D20875100001F1715 /* Main.storyboard */; };
		CFDB575120875101001F1715 /* Assets.xcassets in Resources */ = {isa = PBXBuildFile; fileRef = CFDB575020875101001F1715 /* Assets.xcassets */; };
		CFDB575420875101001F1715 /* LaunchScreen.storyboard in Resources */ = {isa = PBXBuildFile; fileRef = CFDB575220875101001F1715 /* LaunchScreen.storyboard */; };
		CFDB575D20875131001F1715 /* WZAnimatingMediaView.swift in Sources */ = {isa = PBXBuildFile; fileRef = CFDB575C20875131001F1715 /* WZAnimatingMediaView.swift */; };
		CFDB575F20875894001F1715 /* test.json in Resources */ = {isa = PBXBuildFile; fileRef = CFDB575E20875894001F1715 /* test.json */; };
		CFDB5761208838C8001F1715 /* WZComposition.swift in Sources */ = {isa = PBXBuildFile; fileRef = CFDB5760208838C8001F1715 /* WZComposition.swift */; };
		CFDB576320883D29001F1715 /* WZLayerData.swift in Sources */ = {isa = PBXBuildFile; fileRef = CFDB576220883D29001F1715 /* WZLayerData.swift */; };
		CFDB5769208844E7001F1715 /* WZKeyframeGroup.swift in Sources */ = {isa = PBXBuildFile; fileRef = CFDB5768208844E7001F1715 /* WZKeyframeGroup.swift */; };
		CFDB576B2088451F001F1715 /* WZKeyframe.swift in Sources */ = {isa = PBXBuildFile; fileRef = CFDB576A2088451F001F1715 /* WZKeyframe.swift */; };
		CFDB57702088824B001F1715 /* WZRenderer.swift in Sources */ = {isa = PBXBuildFile; fileRef = CFDB576F2088824B001F1715 /* WZRenderer.swift */; };
		CFDB5772208888B8001F1715 /* VertexShader.metal in Sources */ = {isa = PBXBuildFile; fileRef = CFDB5771208888B8001F1715 /* VertexShader.metal */; };
		CFDB577420888977001F1715 /* BaseInfo.metal in Sources */ = {isa = PBXBuildFile; fileRef = CFDB577320888977001F1715 /* BaseInfo.metal */; };
		CFDB577620888C02001F1715 /* FragmentShader.metal in Sources */ = {isa = PBXBuildFile; fileRef = CFDB577520888C02001F1715 /* FragmentShader.metal */; };
		CFDB57782088AD57001F1715 /* WZLayer.swift in Sources */ = {isa = PBXBuildFile; fileRef = CFDB57772088AD57001F1715 /* WZLayer.swift */; };
		CFE4B9BA2089ECED003198D8 /* WZShapeGroupData.swift in Sources */ = {isa = PBXBuildFile; fileRef = CFE4B9B92089ECED003198D8 /* WZShapeGroupData.swift */; };
		CFE4B9BC2089F179003198D8 /* WZShapeData.swift in Sources */ = {isa = PBXBuildFile; fileRef = CFE4B9BB2089F179003198D8 /* WZShapeData.swift */; };
		CFE4B9BE2089F21D003198D8 /* WZShapeRectangleData.swift in Sources */ = {isa = PBXBuildFile; fileRef = CFE4B9BD2089F21D003198D8 /* WZShapeRectangleData.swift */; };
		CFE4B9C02089F4CC003198D8 /* WZShapeStrokeData.swift in Sources */ = {isa = PBXBuildFile; fileRef = CFE4B9BF2089F4CC003198D8 /* WZShapeStrokeData.swift */; };
		CFE4B9C22089F7B7003198D8 /* WZShapeFillData.swift in Sources */ = {isa = PBXBuildFile; fileRef = CFE4B9C12089F7B7003198D8 /* WZShapeFillData.swift */; };
		CFE4B9C42089FC57003198D8 /* WZShapeTransformData.swift in Sources */ = {isa = PBXBuildFile; fileRef = CFE4B9C32089FC57003198D8 /* WZShapeTransformData.swift */; };
/* End PBXBuildFile section */

/* Begin PBXFileReference section */
		2EDB9F84711BDF111E8C1853 /* Pods-WZAnimatingMedia.release.xcconfig */ = {isa = PBXFileReference; includeInIndex = 1; lastKnownFileType = text.xcconfig; name = "Pods-WZAnimatingMedia.release.xcconfig"; path = "Pods/Target Support Files/Pods-WZAnimatingMedia/Pods-WZAnimatingMedia.release.xcconfig"; sourceTree = "<group>"; };
		4AA553B4355C21DAC7A48F51 /* Pods-WZAnimatingMedia.debug.xcconfig */ = {isa = PBXFileReference; includeInIndex = 1; lastKnownFileType = text.xcconfig; name = "Pods-WZAnimatingMedia.debug.xcconfig"; path = "Pods/Target Support Files/Pods-WZAnimatingMedia/Pods-WZAnimatingMedia.debug.xcconfig"; sourceTree = "<group>"; };
		CFA303E02089CCD700BBAA29 /* t3.json */ = {isa = PBXFileReference; fileEncoding = 4; lastKnownFileType = text.json; path = t3.json; sourceTree = "<group>"; };
		CFA303E22089D1A800BBAA29 /* WZLayerGroupData.swift */ = {isa = PBXFileReference; lastKnownFileType = sourcecode.swift; path = WZLayerGroupData.swift; sourceTree = "<group>"; };
		CFA303E82089DC5B00BBAA29 /* WZMathTool.swift */ = {isa = PBXFileReference; lastKnownFileType = sourcecode.swift; path = WZMathTool.swift; sourceTree = "<group>"; };
		CFDB574620875100001F1715 /* WZAnimatingMedia.app */ = {isa = PBXFileReference; explicitFileType = wrapper.application; includeInIndex = 0; path = WZAnimatingMedia.app; sourceTree = BUILT_PRODUCTS_DIR; };
		CFDB574920875100001F1715 /* AppDelegate.swift */ = {isa = PBXFileReference; lastKnownFileType = sourcecode.swift; path = AppDelegate.swift; sourceTree = "<group>"; };
		CFDB574B20875100001F1715 /* ViewController.swift */ = {isa = PBXFileReference; lastKnownFileType = sourcecode.swift; path = ViewController.swift; sourceTree = "<group>"; };
		CFDB574E20875100001F1715 /* Base */ = {isa = PBXFileReference; lastKnownFileType = file.storyboard; name = Base; path = Base.lproj/Main.storyboard; sourceTree = "<group>"; };
		CFDB575020875101001F1715 /* Assets.xcassets */ = {isa = PBXFileReference; lastKnownFileType = folder.assetcatalog; path = Assets.xcassets; sourceTree = "<group>"; };
		CFDB575320875101001F1715 /* Base */ = {isa = PBXFileReference; lastKnownFileType = file.storyboard; name = Base; path = Base.lproj/LaunchScreen.storyboard; sourceTree = "<group>"; };
		CFDB575520875101001F1715 /* Info.plist */ = {isa = PBXFileReference; lastKnownFileType = text.plist.xml; path = Info.plist; sourceTree = "<group>"; };
		CFDB575C20875131001F1715 /* WZAnimatingMediaView.swift */ = {isa = PBXFileReference; lastKnownFileType = sourcecode.swift; path = WZAnimatingMediaView.swift; sourceTree = "<group>"; };
		CFDB575E20875894001F1715 /* test.json */ = {isa = PBXFileReference; lastKnownFileType = text.json; path = test.json; sourceTree = "<group>"; };
		CFDB5760208838C8001F1715 /* WZComposition.swift */ = {isa = PBXFileReference; lastKnownFileType = sourcecode.swift; path = WZComposition.swift; sourceTree = "<group>"; };
		CFDB576220883D29001F1715 /* WZLayerData.swift */ = {isa = PBXFileReference; lastKnownFileType = sourcecode.swift; path = WZLayerData.swift; sourceTree = "<group>"; };
		CFDB5768208844E7001F1715 /* WZKeyframeGroup.swift */ = {isa = PBXFileReference; lastKnownFileType = sourcecode.swift; path = WZKeyframeGroup.swift; sourceTree = "<group>"; };
		CFDB576A2088451F001F1715 /* WZKeyframe.swift */ = {isa = PBXFileReference; lastKnownFileType = sourcecode.swift; path = WZKeyframe.swift; sourceTree = "<group>"; };
		CFDB576F2088824B001F1715 /* WZRenderer.swift */ = {isa = PBXFileReference; lastKnownFileType = sourcecode.swift; path = WZRenderer.swift; sourceTree = "<group>"; };
		CFDB5771208888B8001F1715 /* VertexShader.metal */ = {isa = PBXFileReference; lastKnownFileType = sourcecode.metal; path = VertexShader.metal; sourceTree = "<group>"; };
		CFDB577320888977001F1715 /* BaseInfo.metal */ = {isa = PBXFileReference; lastKnownFileType = sourcecode.metal; path = BaseInfo.metal; sourceTree = "<group>"; };
		CFDB577520888C02001F1715 /* FragmentShader.metal */ = {isa = PBXFileReference; lastKnownFileType = sourcecode.metal; path = FragmentShader.metal; sourceTree = "<group>"; };
		CFDB57772088AD57001F1715 /* WZLayer.swift */ = {isa = PBXFileReference; lastKnownFileType = sourcecode.swift; path = WZLayer.swift; sourceTree = "<group>"; };
		CFE4B9B92089ECED003198D8 /* WZShapeGroupData.swift */ = {isa = PBXFileReference; lastKnownFileType = sourcecode.swift; path = WZShapeGroupData.swift; sourceTree = "<group>"; };
		CFE4B9BB2089F179003198D8 /* WZShapeData.swift */ = {isa = PBXFileReference; lastKnownFileType = sourcecode.swift; path = WZShapeData.swift; sourceTree = "<group>"; };
		CFE4B9BD2089F21D003198D8 /* WZShapeRectangleData.swift */ = {isa = PBXFileReference; lastKnownFileType = sourcecode.swift; path = WZShapeRectangleData.swift; sourceTree = "<group>"; };
		CFE4B9BF2089F4CC003198D8 /* WZShapeStrokeData.swift */ = {isa = PBXFileReference; lastKnownFileType = sourcecode.swift; path = WZShapeStrokeData.swift; sourceTree = "<group>"; };
		CFE4B9C12089F7B7003198D8 /* WZShapeFillData.swift */ = {isa = PBXFileReference; lastKnownFileType = sourcecode.swift; path = WZShapeFillData.swift; sourceTree = "<group>"; };
		CFE4B9C32089FC57003198D8 /* WZShapeTransformData.swift */ = {isa = PBXFileReference; lastKnownFileType = sourcecode.swift; path = WZShapeTransformData.swift; sourceTree = "<group>"; };
		F2690E323D074AE5C90FEA29 /* Pods_WZAnimatingMedia.framework */ = {isa = PBXFileReference; explicitFileType = wrapper.framework; includeInIndex = 0; path = Pods_WZAnimatingMedia.framework; sourceTree = BUILT_PRODUCTS_DIR; };
/* End PBXFileReference section */

/* Begin PBXFrameworksBuildPhase section */
		CFDB574320875100001F1715 /* Frameworks */ = {
			isa = PBXFrameworksBuildPhase;
			buildActionMask = 2147483647;
			files = (
				9C8BCC1E34980A3DB72C1CD9 /* Pods_WZAnimatingMedia.framework in Frameworks */,
			);
			runOnlyForDeploymentPostprocessing = 0;
		};
/* End PBXFrameworksBuildPhase section */

/* Begin PBXGroup section */
		A6B9987D174C64FAF0D52638 /* Frameworks */ = {
			isa = PBXGroup;
			children = (
				F2690E323D074AE5C90FEA29 /* Pods_WZAnimatingMedia.framework */,
			);
			name = Frameworks;
			sourceTree = "<group>";
		};
		ADE3CEE2A9E080DBB34421B8 /* Pods */ = {
			isa = PBXGroup;
			children = (
				4AA553B4355C21DAC7A48F51 /* Pods-WZAnimatingMedia.debug.xcconfig */,
				2EDB9F84711BDF111E8C1853 /* Pods-WZAnimatingMedia.release.xcconfig */,
			);
			name = Pods;
			sourceTree = "<group>";
		};
		CFDB573D20875100001F1715 = {
			isa = PBXGroup;
			children = (
				CFDB574820875100001F1715 /* WZAnimatingMedia */,
				CFDB574720875100001F1715 /* Products */,
				ADE3CEE2A9E080DBB34421B8 /* Pods */,
				A6B9987D174C64FAF0D52638 /* Frameworks */,
			);
			sourceTree = "<group>";
		};
		CFDB574720875100001F1715 /* Products */ = {
			isa = PBXGroup;
			children = (
				CFDB574620875100001F1715 /* WZAnimatingMedia.app */,
			);
			name = Products;
			sourceTree = "<group>";
		};
		CFDB574820875100001F1715 /* WZAnimatingMedia */ = {
			isa = PBXGroup;
			children = (
				CFDB575B20875125001F1715 /* WZAnimatingMediaKit */,
				CFDB574920875100001F1715 /* AppDelegate.swift */,
				CFDB574B20875100001F1715 /* ViewController.swift */,
				CFA303E02089CCD700BBAA29 /* t3.json */,
				CFDB575E20875894001F1715 /* test.json */,
				CFDB574D20875100001F1715 /* Main.storyboard */,
				CFDB575020875101001F1715 /* Assets.xcassets */,
				CFDB575220875101001F1715 /* LaunchScreen.storyboard */,
				CFDB575520875101001F1715 /* Info.plist */,
			);
			path = WZAnimatingMedia;
			sourceTree = "<group>";
		};
		CFDB575B20875125001F1715 /* WZAnimatingMediaKit */ = {
			isa = PBXGroup;
			children = (
				CFDB575C20875131001F1715 /* WZAnimatingMediaView.swift */,
				CFDB5760208838C8001F1715 /* WZComposition.swift */,
				CFDB576220883D29001F1715 /* WZLayerData.swift */,
				CFA303E22089D1A800BBAA29 /* WZLayerGroupData.swift */,
				CFDB5768208844E7001F1715 /* WZKeyframeGroup.swift */,
				CFDB576A2088451F001F1715 /* WZKeyframe.swift */,
				CFDB576F2088824B001F1715 /* WZRenderer.swift */,
				CFDB57772088AD57001F1715 /* WZLayer.swift */,
				CFDB5771208888B8001F1715 /* VertexShader.metal */,
				CFDB577520888C02001F1715 /* FragmentShader.metal */,
				CFDB577320888977001F1715 /* BaseInfo.metal */,
				CFA303E82089DC5B00BBAA29 /* WZMathTool.swift */,
				CFE4B9B92089ECED003198D8 /* WZShapeGroupData.swift */,
				CFE4B9BB2089F179003198D8 /* WZShapeData.swift */,
				CFE4B9BD2089F21D003198D8 /* WZShapeRectangleData.swift */,
				CFE4B9BF2089F4CC003198D8 /* WZShapeStrokeData.swift */,
				CFE4B9C12089F7B7003198D8 /* WZShapeFillData.swift */,
				CFE4B9C32089FC57003198D8 /* WZShapeTransformData.swift */,
			);
			path = WZAnimatingMediaKit;
			sourceTree = "<group>";
		};
/* End PBXGroup section */

/* Begin PBXNativeTarget section */
		CFDB574520875100001F1715 /* WZAnimatingMedia */ = {
			isa = PBXNativeTarget;
			buildConfigurationList = CFDB575820875101001F1715 /* Build configuration list for PBXNativeTarget "WZAnimatingMedia" */;
			buildPhases = (
				E92A7BCFF62C5D86E76B0171 /* [CP] Check Pods Manifest.lock */,
				CFDB574220875100001F1715 /* Sources */,
				CFDB574320875100001F1715 /* Frameworks */,
				CFDB574420875100001F1715 /* Resources */,
				43D35B246768CE98F879D85B /* [CP] Embed Pods Frameworks */,
			);
			buildRules = (
			);
			dependencies = (
			);
			name = WZAnimatingMedia;
			productName = WZAnimatingMedia;
			productReference = CFDB574620875100001F1715 /* WZAnimatingMedia.app */;
			productType = "com.apple.product-type.application";
		};
/* End PBXNativeTarget section */

/* Begin PBXProject section */
		CFDB573E20875100001F1715 /* Project object */ = {
			isa = PBXProject;
			attributes = {
				CLASSPREFIX = WA;
				LastSwiftUpdateCheck = 0930;
				LastUpgradeCheck = 0930;
				ORGANIZATIONNAME = fanyinan;
				TargetAttributes = {
					CFDB574520875100001F1715 = {
						CreatedOnToolsVersion = 9.3;
					};
				};
			};
			buildConfigurationList = CFDB574120875100001F1715 /* Build configuration list for PBXProject "WZAnimatingMedia" */;
			compatibilityVersion = "Xcode 9.3";
			developmentRegion = en;
			hasScannedForEncodings = 0;
			knownRegions = (
				en,
				Base,
			);
			mainGroup = CFDB573D20875100001F1715;
			productRefGroup = CFDB574720875100001F1715 /* Products */;
			projectDirPath = "";
			projectRoot = "";
			targets = (
				CFDB574520875100001F1715 /* WZAnimatingMedia */,
			);
		};
/* End PBXProject section */

/* Begin PBXResourcesBuildPhase section */
		CFDB574420875100001F1715 /* Resources */ = {
			isa = PBXResourcesBuildPhase;
			buildActionMask = 2147483647;
			files = (
				CFDB575420875101001F1715 /* LaunchScreen.storyboard in Resources */,
				CFDB575F20875894001F1715 /* test.json in Resources */,
				CFDB575120875101001F1715 /* Assets.xcassets in Resources */,
				CFA303E12089CCD700BBAA29 /* t3.json in Resources */,
				CFDB574F20875100001F1715 /* Main.storyboard in Resources */,
			);
			runOnlyForDeploymentPostprocessing = 0;
		};
/* End PBXResourcesBuildPhase section */

/* Begin PBXShellScriptBuildPhase section */
		43D35B246768CE98F879D85B /* [CP] Embed Pods Frameworks */ = {
			isa = PBXShellScriptBuildPhase;
			buildActionMask = 2147483647;
			files = (
			);
			inputPaths = (
				"${SRCROOT}/Pods/Target Support Files/Pods-WZAnimatingMedia/Pods-WZAnimatingMedia-frameworks.sh",
				"${BUILT_PRODUCTS_DIR}/EVReflection/EVReflection.framework",
				"${BUILT_PRODUCTS_DIR}/SwiftyJSON/SwiftyJSON.framework",
			);
			name = "[CP] Embed Pods Frameworks";
			outputPaths = (
				"${TARGET_BUILD_DIR}/${FRAMEWORKS_FOLDER_PATH}/EVReflection.framework",
				"${TARGET_BUILD_DIR}/${FRAMEWORKS_FOLDER_PATH}/SwiftyJSON.framework",
			);
			runOnlyForDeploymentPostprocessing = 0;
			shellPath = /bin/sh;
			shellScript = "\"${SRCROOT}/Pods/Target Support Files/Pods-WZAnimatingMedia/Pods-WZAnimatingMedia-frameworks.sh\"\n";
			showEnvVarsInLog = 0;
		};
		E92A7BCFF62C5D86E76B0171 /* [CP] Check Pods Manifest.lock */ = {
			isa = PBXShellScriptBuildPhase;
			buildActionMask = 2147483647;
			files = (
			);
			inputPaths = (
				"${PODS_PODFILE_DIR_PATH}/Podfile.lock",
				"${PODS_ROOT}/Manifest.lock",
			);
			name = "[CP] Check Pods Manifest.lock";
			outputPaths = (
				"$(DERIVED_FILE_DIR)/Pods-WZAnimatingMedia-checkManifestLockResult.txt",
			);
			runOnlyForDeploymentPostprocessing = 0;
			shellPath = /bin/sh;
			shellScript = "diff \"${PODS_PODFILE_DIR_PATH}/Podfile.lock\" \"${PODS_ROOT}/Manifest.lock\" > /dev/null\nif [ $? != 0 ] ; then\n    # print error to STDERR\n    echo \"error: The sandbox is not in sync with the Podfile.lock. Run 'pod install' or update your CocoaPods installation.\" >&2\n    exit 1\nfi\n# This output is used by Xcode 'outputs' to avoid re-running this script phase.\necho \"SUCCESS\" > \"${SCRIPT_OUTPUT_FILE_0}\"\n";
			showEnvVarsInLog = 0;
		};
/* End PBXShellScriptBuildPhase section */

/* Begin PBXSourcesBuildPhase section */
		CFDB574220875100001F1715 /* Sources */ = {
			isa = PBXSourcesBuildPhase;
			buildActionMask = 2147483647;
			files = (
				CFDB576B2088451F001F1715 /* WZKeyframe.swift in Sources */,
				CFDB57782088AD57001F1715 /* WZLayer.swift in Sources */,
				CFDB576320883D29001F1715 /* WZLayerData.swift in Sources */,
				CFDB575D20875131001F1715 /* WZAnimatingMediaView.swift in Sources */,
				CFDB574C20875100001F1715 /* ViewController.swift in Sources */,
				CFDB5772208888B8001F1715 /* VertexShader.metal in Sources */,
				CFA303E92089DC5B00BBAA29 /* WZMathTool.swift in Sources */,
				CFE4B9C42089FC57003198D8 /* WZShapeTransformData.swift in Sources */,
				CFDB574A20875100001F1715 /* AppDelegate.swift in Sources */,
				CFDB57702088824B001F1715 /* WZRenderer.swift in Sources */,
				CFDB577420888977001F1715 /* BaseInfo.metal in Sources */,
				CFE4B9BA2089ECED003198D8 /* WZShapeGroupData.swift in Sources */,
				CFDB577620888C02001F1715 /* FragmentShader.metal in Sources */,
				CFE4B9C02089F4CC003198D8 /* WZShapeStrokeData.swift in Sources */,
				CFE4B9BE2089F21D003198D8 /* WZShapeRectangleData.swift in Sources */,
				CFDB5769208844E7001F1715 /* WZKeyframeGroup.swift in Sources */,
				CFE4B9BC2089F179003198D8 /* WZShapeData.swift in Sources */,
				CFDB5761208838C8001F1715 /* WZComposition.swift in Sources */,
				CFA303E32089D1A800BBAA29 /* WZLayerGroupData.swift in Sources */,
				CFE4B9C22089F7B7003198D8 /* WZShapeFillData.swift in Sources */,
			);
			runOnlyForDeploymentPostprocessing = 0;
		};
/* End PBXSourcesBuildPhase section */

/* Begin PBXVariantGroup section */
		CFDB574D20875100001F1715 /* Main.storyboard */ = {
			isa = PBXVariantGroup;
			children = (
				CFDB574E20875100001F1715 /* Base */,
			);
			name = Main.storyboard;
			sourceTree = "<group>";
		};
		CFDB575220875101001F1715 /* LaunchScreen.storyboard */ = {
			isa = PBXVariantGroup;
			children = (
				CFDB575320875101001F1715 /* Base */,
			);
			name = LaunchScreen.storyboard;
			sourceTree = "<group>";
		};
/* End PBXVariantGroup section */

/* Begin XCBuildConfiguration section */
		CFDB575620875101001F1715 /* Debug */ = {
			isa = XCBuildConfiguration;
			buildSettings = {
				ALWAYS_SEARCH_USER_PATHS = NO;
				CLANG_ANALYZER_NONNULL = YES;
				CLANG_ANALYZER_NUMBER_OBJECT_CONVERSION = YES_AGGRESSIVE;
				CLANG_CXX_LANGUAGE_STANDARD = "gnu++14";
				CLANG_CXX_LIBRARY = "libc++";
				CLANG_ENABLE_MODULES = YES;
				CLANG_ENABLE_OBJC_ARC = YES;
				CLANG_ENABLE_OBJC_WEAK = YES;
				CLANG_WARN_BLOCK_CAPTURE_AUTORELEASING = YES;
				CLANG_WARN_BOOL_CONVERSION = YES;
				CLANG_WARN_COMMA = YES;
				CLANG_WARN_CONSTANT_CONVERSION = YES;
				CLANG_WARN_DEPRECATED_OBJC_IMPLEMENTATIONS = YES;
				CLANG_WARN_DIRECT_OBJC_ISA_USAGE = YES_ERROR;
				CLANG_WARN_DOCUMENTATION_COMMENTS = YES;
				CLANG_WARN_EMPTY_BODY = YES;
				CLANG_WARN_ENUM_CONVERSION = YES;
				CLANG_WARN_INFINITE_RECURSION = YES;
				CLANG_WARN_INT_CONVERSION = YES;
				CLANG_WARN_NON_LITERAL_NULL_CONVERSION = YES;
				CLANG_WARN_OBJC_IMPLICIT_RETAIN_SELF = YES;
				CLANG_WARN_OBJC_LITERAL_CONVERSION = YES;
				CLANG_WARN_OBJC_ROOT_CLASS = YES_ERROR;
				CLANG_WARN_RANGE_LOOP_ANALYSIS = YES;
				CLANG_WARN_STRICT_PROTOTYPES = YES;
				CLANG_WARN_SUSPICIOUS_MOVE = YES;
				CLANG_WARN_UNGUARDED_AVAILABILITY = YES_AGGRESSIVE;
				CLANG_WARN_UNREACHABLE_CODE = YES;
				CLANG_WARN__DUPLICATE_METHOD_MATCH = YES;
				CODE_SIGN_IDENTITY = "iPhone Developer";
				COPY_PHASE_STRIP = NO;
				DEBUG_INFORMATION_FORMAT = dwarf;
				ENABLE_STRICT_OBJC_MSGSEND = YES;
				ENABLE_TESTABILITY = YES;
				GCC_C_LANGUAGE_STANDARD = gnu11;
				GCC_DYNAMIC_NO_PIC = NO;
				GCC_NO_COMMON_BLOCKS = YES;
				GCC_OPTIMIZATION_LEVEL = 0;
				GCC_PREPROCESSOR_DEFINITIONS = (
					"DEBUG=1",
					"$(inherited)",
				);
				GCC_WARN_64_TO_32_BIT_CONVERSION = YES;
				GCC_WARN_ABOUT_RETURN_TYPE = YES_ERROR;
				GCC_WARN_UNDECLARED_SELECTOR = YES;
				GCC_WARN_UNINITIALIZED_AUTOS = YES_AGGRESSIVE;
				GCC_WARN_UNUSED_FUNCTION = YES;
				GCC_WARN_UNUSED_VARIABLE = YES;
				IPHONEOS_DEPLOYMENT_TARGET = 11.3;
				MTL_ENABLE_DEBUG_INFO = YES;
				ONLY_ACTIVE_ARCH = YES;
				SDKROOT = iphoneos;
				SWIFT_ACTIVE_COMPILATION_CONDITIONS = DEBUG;
				SWIFT_OPTIMIZATION_LEVEL = "-Onone";
			};
			name = Debug;
		};
		CFDB575720875101001F1715 /* Release */ = {
			isa = XCBuildConfiguration;
			buildSettings = {
				ALWAYS_SEARCH_USER_PATHS = NO;
				CLANG_ANALYZER_NONNULL = YES;
				CLANG_ANALYZER_NUMBER_OBJECT_CONVERSION = YES_AGGRESSIVE;
				CLANG_CXX_LANGUAGE_STANDARD = "gnu++14";
				CLANG_CXX_LIBRARY = "libc++";
				CLANG_ENABLE_MODULES = YES;
				CLANG_ENABLE_OBJC_ARC = YES;
				CLANG_ENABLE_OBJC_WEAK = YES;
				CLANG_WARN_BLOCK_CAPTURE_AUTORELEASING = YES;
				CLANG_WARN_BOOL_CONVERSION = YES;
				CLANG_WARN_COMMA = YES;
				CLANG_WARN_CONSTANT_CONVERSION = YES;
				CLANG_WARN_DEPRECATED_OBJC_IMPLEMENTATIONS = YES;
				CLANG_WARN_DIRECT_OBJC_ISA_USAGE = YES_ERROR;
				CLANG_WARN_DOCUMENTATION_COMMENTS = YES;
				CLANG_WARN_EMPTY_BODY = YES;
				CLANG_WARN_ENUM_CONVERSION = YES;
				CLANG_WARN_INFINITE_RECURSION = YES;
				CLANG_WARN_INT_CONVERSION = YES;
				CLANG_WARN_NON_LITERAL_NULL_CONVERSION = YES;
				CLANG_WARN_OBJC_IMPLICIT_RETAIN_SELF = YES;
				CLANG_WARN_OBJC_LITERAL_CONVERSION = YES;
				CLANG_WARN_OBJC_ROOT_CLASS = YES_ERROR;
				CLANG_WARN_RANGE_LOOP_ANALYSIS = YES;
				CLANG_WARN_STRICT_PROTOTYPES = YES;
				CLANG_WARN_SUSPICIOUS_MOVE = YES;
				CLANG_WARN_UNGUARDED_AVAILABILITY = YES_AGGRESSIVE;
				CLANG_WARN_UNREACHABLE_CODE = YES;
				CLANG_WARN__DUPLICATE_METHOD_MATCH = YES;
				CODE_SIGN_IDENTITY = "iPhone Developer";
				COPY_PHASE_STRIP = NO;
				DEBUG_INFORMATION_FORMAT = "dwarf-with-dsym";
				ENABLE_NS_ASSERTIONS = NO;
				ENABLE_STRICT_OBJC_MSGSEND = YES;
				GCC_C_LANGUAGE_STANDARD = gnu11;
				GCC_NO_COMMON_BLOCKS = YES;
				GCC_WARN_64_TO_32_BIT_CONVERSION = YES;
				GCC_WARN_ABOUT_RETURN_TYPE = YES_ERROR;
				GCC_WARN_UNDECLARED_SELECTOR = YES;
				GCC_WARN_UNINITIALIZED_AUTOS = YES_AGGRESSIVE;
				GCC_WARN_UNUSED_FUNCTION = YES;
				GCC_WARN_UNUSED_VARIABLE = YES;
				IPHONEOS_DEPLOYMENT_TARGET = 11.3;
				MTL_ENABLE_DEBUG_INFO = NO;
				SDKROOT = iphoneos;
				SWIFT_COMPILATION_MODE = wholemodule;
				SWIFT_OPTIMIZATION_LEVEL = "-O";
				VALIDATE_PRODUCT = YES;
			};
			name = Release;
		};
		CFDB575920875101001F1715 /* Debug */ = {
			isa = XCBuildConfiguration;
			baseConfigurationReference = 4AA553B4355C21DAC7A48F51 /* Pods-WZAnimatingMedia.debug.xcconfig */;
			buildSettings = {
				ASSETCATALOG_COMPILER_APPICON_NAME = AppIcon;
				CODE_SIGN_STYLE = Automatic;
				DEVELOPMENT_TEAM = 4RQRV7P524;
				INFOPLIST_FILE = WZAnimatingMedia/Info.plist;
				LD_RUNPATH_SEARCH_PATHS = (
					"$(inherited)",
					"@executable_path/Frameworks",
				);
				PRODUCT_BUNDLE_IDENTIFIER = fanyinan.WZAnimatingMedia;
				PRODUCT_NAME = "$(TARGET_NAME)";
				SWIFT_VERSION = 4.0;
				TARGETED_DEVICE_FAMILY = "1,2";
			};
			name = Debug;
		};
		CFDB575A20875101001F1715 /* Release */ = {
			isa = XCBuildConfiguration;
			baseConfigurationReference = 2EDB9F84711BDF111E8C1853 /* Pods-WZAnimatingMedia.release.xcconfig */;
			buildSettings = {
				ASSETCATALOG_COMPILER_APPICON_NAME = AppIcon;
				CODE_SIGN_STYLE = Automatic;
				DEVELOPMENT_TEAM = 4RQRV7P524;
				INFOPLIST_FILE = WZAnimatingMedia/Info.plist;
				LD_RUNPATH_SEARCH_PATHS = (
					"$(inherited)",
					"@executable_path/Frameworks",
				);
				PRODUCT_BUNDLE_IDENTIFIER = fanyinan.WZAnimatingMedia;
				PRODUCT_NAME = "$(TARGET_NAME)";
				SWIFT_VERSION = 4.0;
				TARGETED_DEVICE_FAMILY = "1,2";
			};
			name = Release;
		};
/* End XCBuildConfiguration section */

/* Begin XCConfigurationList section */
		CFDB574120875100001F1715 /* Build configuration list for PBXProject "WZAnimatingMedia" */ = {
			isa = XCConfigurationList;
			buildConfigurations = (
				CFDB575620875101001F1715 /* Debug */,
				CFDB575720875101001F1715 /* Release */,
			);
			defaultConfigurationIsVisible = 0;
			defaultConfigurationName = Release;
		};
		CFDB575820875101001F1715 /* Build configuration list for PBXNativeTarget "WZAnimatingMedia" */ = {
			isa = XCConfigurationList;
			buildConfigurations = (
				CFDB575920875101001F1715 /* Debug */,
				CFDB575A20875101001F1715 /* Release */,
			);
			defaultConfigurationIsVisible = 0;
			defaultConfigurationName = Release;
		};
/* End XCConfigurationList section */
	};
	rootObject = CFDB573E20875100001F1715 /* Project object */;
}
